
Microsoft Visual Studio Solution File, Format Version 12.00
# Visual Studio 2013
VisualStudioVersion = 12.0.31101.0
MinimumVisualStudioVersion = 10.0.40219.1
Project("{FAE04EC0-301F-11D3-BF4B-00C04F79EFBC}") = "cleancode.tp", "cleancode.TP\cleancode.tp.csproj", "{4C3553F3-6C26-4CB8-A73B-84FA19E96EEA}"
EndProject
Global
	GlobalSection(SolutionConfigurationPlatforms) = preSolution
		Debug|Any CPU = Debug|Any CPU
		Release|Any CPU = Release|Any CPU
	EndGlobalSection
	GlobalSection(ProjectConfigurationPlatforms) = postSolution
		{4C3553F3-6C26-4CB8-A73B-84FA19E96EEA}.Debug|Any CPU.ActiveCfg = Debug|Any CPU
		{4C3553F3-6C26-4CB8-A73B-84FA19E96EEA}.Debug|Any CPU.Build.0 = Debug|Any CPU
		{4C3553F3-6C26-4CB8-A73B-84FA19E96EEA}.Release|Any CPU.ActiveCfg = Release|Any CPU
		{4C3553F3-6C26-4CB8-A73B-84FA19E96EEA}.Release|Any CPU.Build.0 = Release|Any CPU
	EndGlobalSection
	GlobalSection(SolutionProperties) = preSolution
		HideSolutionNode = FALSE
	EndGlobalSection
EndGlobal
