
Microsoft Visual Studio Solution File, Format Version 12.00
# Visual Studio 2012
Project("{FAE04EC0-301F-11D3-BF4B-00C04F79EFBC}") = "CleanCode", "CleanCode\CleanCode.csproj", "{94510E50-1283-4BB6-BEB4-B5DC84D909B1}"
EndProject
Global
	GlobalSection(SolutionConfigurationPlatforms) = preSolution
		Debug|x86 = Debug|x86
		Release|x86 = Release|x86
	EndGlobalSection
	GlobalSection(ProjectConfigurationPlatforms) = postSolution
		{94510E50-1283-4BB6-BEB4-B5DC84D909B1}.Debug|x86.ActiveCfg = Debug|x86
		{94510E50-1283-4BB6-BEB4-B5DC84D909B1}.Debug|x86.Build.0 = Debug|x86
		{94510E50-1283-4BB6-BEB4-B5DC84D909B1}.Release|x86.ActiveCfg = Release|x86
		{94510E50-1283-4BB6-BEB4-B5DC84D909B1}.Release|x86.Build.0 = Release|x86
	EndGlobalSection
EndGlobal
