
Microsoft Visual Studio Solution File, Format Version 11.00
# Visual Studio 2010
# SharpDevelop 5.1
Project("{FAE04EC0-301F-11D3-BF4B-00C04F79EFBC}") = "nget-v1", "nget-v1\nget-v1.csproj", "{8E62B8C9-B956-46F8-B829-8B511AAA2A7F}"
EndProject
Global
	GlobalSection(SolutionConfigurationPlatforms) = preSolution
		Debug|Any CPU = Debug|Any CPU
		Release|Any CPU = Release|Any CPU
	EndGlobalSection
	GlobalSection(ProjectConfigurationPlatforms) = postSolution
		{8E62B8C9-B956-46F8-B829-8B511AAA2A7F}.Debug|Any CPU.ActiveCfg = Debug|Any CPU
		{8E62B8C9-B956-46F8-B829-8B511AAA2A7F}.Debug|Any CPU.Build.0 = Debug|Any CPU
		{8E62B8C9-B956-46F8-B829-8B511AAA2A7F}.Release|Any CPU.ActiveCfg = Release|Any CPU
		{8E62B8C9-B956-46F8-B829-8B511AAA2A7F}.Release|Any CPU.Build.0 = Release|Any CPU
	EndGlobalSection
EndGlobal
