
Microsoft Visual Studio Solution File, Format Version 11.00
# Visual Studio 2010
# SharpDevelop 5.1
Project("{FAE04EC0-301F-11D3-BF4B-00C04F79EFBC}") = "nget-v2", "nget-v2\nget-v2.csproj", "{730E5EEA-EDEF-495C-A6D6-97334E0998FD}"
EndProject
Global
	GlobalSection(SolutionConfigurationPlatforms) = preSolution
		Debug|Any CPU = Debug|Any CPU
		Release|Any CPU = Release|Any CPU
	EndGlobalSection
	GlobalSection(ProjectConfigurationPlatforms) = postSolution
		{730E5EEA-EDEF-495C-A6D6-97334E0998FD}.Debug|Any CPU.ActiveCfg = Debug|Any CPU
		{730E5EEA-EDEF-495C-A6D6-97334E0998FD}.Debug|Any CPU.Build.0 = Debug|Any CPU
		{730E5EEA-EDEF-495C-A6D6-97334E0998FD}.Release|Any CPU.ActiveCfg = Release|Any CPU
		{730E5EEA-EDEF-495C-A6D6-97334E0998FD}.Release|Any CPU.Build.0 = Release|Any CPU
	EndGlobalSection
EndGlobal
